<?xml version="1.0" encoding="utf-8"?>
<Project ToolsVersion="4.0" xmlns="http://schemas.microsoft.com/developer/msbuild/2003">
  <ItemGroup>
    <ClCompile Include="Utility\Input.cpp">
      <Filter>Utility</Filter>
    </ClCompile>
    <ClCompile Include="Utility\Timer.cpp">
      <Filter>Utility</Filter>
    </ClCompile>
    <ClCompile Include="Math\CMatrix4x4.cpp">
      <Filter>Maths</Filter>
    </ClCompile>
    <ClCompile Include="Math\CVector2.cpp">
      <Filter>Maths</Filter>
    </ClCompile>
    <ClCompile Include="Math\CVector3.cpp">
      <Filter>Maths</Filter>
    </ClCompile>
    <ClCompile Include="Utility\GraphicsHelpers.cpp">
      <Filter>Utility</Filter>
    </ClCompile>
    <ClCompile Include="MAINGame.cpp" />
    <ClCompile Include="SceneManager.cpp">
      <Filter>SceneFiles</Filter>
    </ClCompile>
    <ClCompile Include="Camera.cpp">
      <Filter>EngineFiles</Filter>
    </ClCompile>
    <ClCompile Include="DirectX11Engine.cpp">
      <Filter>EngineFiles</Filter>
    </ClCompile>
    <ClCompile Include="extern.cpp">
      <Filter>EngineFiles</Filter>
    </ClCompile>
    <ClCompile Include="GraphicsMain.cpp">
      <Filter>EngineFiles</Filter>
    </ClCompile>
    <ClCompile Include="Light.cpp">
      <Filter>EngineFiles</Filter>
    </ClCompile>
    <ClCompile Include="Mesh.cpp">
      <Filter>EngineFiles</Filter>
    </ClCompile>
    <ClCompile Include="Model.cpp">
      <Filter>EngineFiles</Filter>
    </ClCompile>
    <ClCompile Include="Shader.cpp">
      <Filter>EngineFiles</Filter>
    </ClCompile>
    <ClCompile Include="Scene.cpp">
      <Filter>EngineFiles</Filter>
    </ClCompile>
  </ItemGroup>
  <ItemGroup>
    <ClInclude Include="Camera.hpp">
      <Filter>EngineFiles</Filter>
    </ClInclude>
    <ClInclude Include="Common.hpp">
      <Filter>EngineFiles</Filter>
    </ClInclude>
    <ClInclude Include="DirectX11Engine.hpp">
      <Filter>EngineFiles</Filter>
    </ClInclude>
    <ClInclude Include="externs.hpp">
      <Filter>EngineFiles</Filter>
    </ClInclude>
    <ClInclude Include="Light.hpp">
      <Filter>EngineFiles</Filter>
    </ClInclude>
    <ClInclude Include="Mesh.hpp">
      <Filter>EngineFiles</Filter>
    </ClInclude>
    <ClInclude Include="Model.hpp">
      <Filter>EngineFiles</Filter>
    </ClInclude>
    <ClInclude Include="Scene.hpp">
      <Filter>EngineFiles</Filter>
    </ClInclude>
    <ClInclude Include="Shader.hpp">
      <Filter>EngineFiles</Filter>
    </ClInclude>
    <ClInclude Include="SceneManager.hpp">
      <Filter>SceneFiles</Filter>
    </ClInclude>
    <ClInclude Include="Utility\ColourRGBA.hpp">
      <Filter>Utility</Filter>
    </ClInclude>
    <ClInclude Include="Utility\GraphicsHelpers.hpp">
      <Filter>Utility</Filter>
    </ClInclude>
    <ClInclude Include="Utility\Input.hpp">
      <Filter>Utility</Filter>
    </ClInclude>
    <ClInclude Include="Utility\Timer.hpp">
      <Filter>Utility</Filter>
    </ClInclude>
    <ClInclude Include="Math\CMatrix4x4.hpp">
      <Filter>Maths</Filter>
    </ClInclude>
    <ClInclude Include="Math\CVector2.hpp">
      <Filter>Maths</Filter>
    </ClInclude>
    <ClInclude Include="Math\CVector3.hpp">
      <Filter>Maths</Filter>
    </ClInclude>
    <ClInclude Include="Math\MathHelpers.hpp">
      <Filter>Maths</Filter>
    </ClInclude>
    <ClInclude Include="ICamera.hpp">
      <Filter>EngineFiles\Interfaces</Filter>
    </ClInclude>
    <ClInclude Include="IEngine.hpp">
      <Filter>EngineFiles\Interfaces</Filter>
    </ClInclude>
    <ClInclude Include="ILight.hpp">
      <Filter>EngineFiles\Interfaces</Filter>
    </ClInclude>
    <ClInclude Include="IScene.hpp">
      <Filter>EngineFiles\Interfaces</Filter>
    </ClInclude>
    <ClInclude Include="IMesh.hpp">
      <Filter>EngineFiles\Interfaces</Filter>
    </ClInclude>
    <ClInclude Include="IModel.hpp">
      <Filter>EngineFiles\Interfaces</Filter>
    </ClInclude>
  </ItemGroup>
  <ItemGroup>
    <Filter Include="Utility">
      <UniqueIdentifier>{3b75a466-1b3f-44db-90a2-73a9bfc56583}</UniqueIdentifier>
    </Filter>
    <Filter Include="Maths">
      <UniqueIdentifier>{739716ac-bd96-4e4c-b3a2-61c7fdfdea4e}</UniqueIdentifier>
    </Filter>
    <Filter Include="Shaders">
      <UniqueIdentifier>{1d198607-cf52-46a9-8994-554d241d97a0}</UniqueIdentifier>
    </Filter>
    <Filter Include="EngineFiles">
      <UniqueIdentifier>{04c3ef27-ab29-43f0-811e-80fdf2899ad0}</UniqueIdentifier>
    </Filter>
    <Filter Include="SceneFiles">
      <UniqueIdentifier>{c427af6f-596c-45b5-9c85-46fe3de73fb2}</UniqueIdentifier>
    </Filter>
    <Filter Include="EngineFiles\Interfaces">
      <UniqueIdentifier>{a60acb73-13c4-4122-937f-ad1dc4e64c83}</UniqueIdentifier>
    </Filter>
  </ItemGroup>
  <ItemGroup>
    <None Include="Common.hlsli">
      <Filter>Shaders</Filter>
    </None>
  </ItemGroup>
  <ItemGroup>
    <FxCompile Include="LightModel_ps.hlsl">
      <Filter>Shaders</Filter>
    </FxCompile>
    <FxCompile Include="LightModel_vs.hlsl">
      <Filter>Shaders</Filter>
    </FxCompile>
    <FxCompile Include="PixelLighting_ps.hlsl">
      <Filter>Shaders</Filter>
    </FxCompile>
    <FxCompile Include="PixelLighting_vs.hlsl">
      <Filter>Shaders</Filter>
    </FxCompile>
    <FxCompile Include="SphereModel_ps.hlsl">
      <Filter>Shaders</Filter>
    </FxCompile>
    <FxCompile Include="SphereModel_vs.hlsl">
      <Filter>Shaders</Filter>
    </FxCompile>
    <FxCompile Include="CubeModel_ps.hlsl">
      <Filter>Shaders</Filter>
    </FxCompile>
    <FxCompile Include="CubeModel_vs.hlsl">
      <Filter>Shaders</Filter>
    </FxCompile>
    <FxCompile Include="NormalMapping_ps.hlsl">
      <Filter>Shaders</Filter>
    </FxCompile>
    <FxCompile Include="NormalMapping_vs.hlsl">
      <Filter>Shaders</Filter>
    </FxCompile>
    <FxCompile Include="ParallaxMapping_ps.hlsl">
      <Filter>Shaders</Filter>
    </FxCompile>
    <FxCompile Include="ParallaxMapping_vs.hlsl">
      <Filter>Shaders</Filter>
    </FxCompile>
    <FxCompile Include="DepthOnly_ps.hlsl">
      <Filter>Shaders</Filter>
    </FxCompile>
    <FxCompile Include="BasicTransform_vs.hlsl">
      <Filter>Shaders</Filter>
    </FxCompile>
    <FxCompile Include="test_ps.hlsl">
      <Filter>Shaders</Filter>
    </FxCompile>
    <FxCompile Include="test_vs.hlsl">
      <Filter>Shaders</Filter>
    </FxCompile>
    <FxCompile Include="main_ps.hlsl">
      <Filter>Shaders</Filter>
    </FxCompile>
    <FxCompile Include="main_vs.hlsl">
      <Filter>Shaders</Filter>
    </FxCompile>
  </ItemGroup>
</Project>